
Microsoft Visual Studio Solution File, Format Version 12.00
# Visual Studio Version 17
VisualStudioVersion = 17.1.32414.318
MinimumVisualStudioVersion = 10.0.40219.1
Project("{FAE04EC0-301F-11D3-BF4B-00C04F79EFBC}") = "myRPOS", "myRPOS\myRPOS.csproj", "{94F0FF28-337F-4C7C-BAE8-FAB367C9E27B}"
EndProject
Global
	GlobalSection(SolutionConfigurationPlatforms) = preSolution
		Debug|Any CPU = Debug|Any CPU
		Release|Any CPU = Release|Any CPU
	EndGlobalSection
	GlobalSection(ProjectConfigurationPlatforms) = postSolution
		{94F0FF28-337F-4C7C-BAE8-FAB367C9E27B}.Debug|Any CPU.ActiveCfg = Debug|Any CPU
		{94F0FF28-337F-4C7C-BAE8-FAB367C9E27B}.Debug|Any CPU.Build.0 = Debug|Any CPU
		{94F0FF28-337F-4C7C-BAE8-FAB367C9E27B}.Release|Any CPU.ActiveCfg = Release|Any CPU
		{94F0FF28-337F-4C7C-BAE8-FAB367C9E27B}.Release|Any CPU.Build.0 = Release|Any CPU
	EndGlobalSection
	GlobalSection(SolutionProperties) = preSolution
		HideSolutionNode = FALSE
	EndGlobalSection
	GlobalSection(ExtensibilityGlobals) = postSolution
		SolutionGuid = {B2D65E84-3116-442D-9EB0-0156932C9D81}
	EndGlobalSection
EndGlobal
